
Microsoft Visual Studio Solution File, Format Version 12.00
# Visual Studio Version 17
VisualStudioVersion = 17.5.002.0
MinimumVisualStudioVersion = 10.0.40219.1
Project("{9A19103F-16F7-4668-BE54-9A1E7A4F7556}") = "exercicio3", "exercicio3.csproj", "{B7F02AD5-3DBC-4421-92C7-0B91EE618564}"
EndProject
Global
	GlobalSection(SolutionConfigurationPlatforms) = preSolution
		Debug|Any CPU = Debug|Any CPU
		Release|Any CPU = Release|Any CPU
	EndGlobalSection
	GlobalSection(ProjectConfigurationPlatforms) = postSolution
		{B7F02AD5-3DBC-4421-92C7-0B91EE618564}.Debug|Any CPU.ActiveCfg = Debug|Any CPU
		{B7F02AD5-3DBC-4421-92C7-0B91EE618564}.Debug|Any CPU.Build.0 = Debug|Any CPU
		{B7F02AD5-3DBC-4421-92C7-0B91EE618564}.Release|Any CPU.ActiveCfg = Release|Any CPU
		{B7F02AD5-3DBC-4421-92C7-0B91EE618564}.Release|Any CPU.Build.0 = Release|Any CPU
	EndGlobalSection
	GlobalSection(SolutionProperties) = preSolution
		HideSolutionNode = FALSE
	EndGlobalSection
	GlobalSection(ExtensibilityGlobals) = postSolution
		SolutionGuid = {5AFBFE3A-6DC3-4F4A-B747-40AB8C8D0824}
	EndGlobalSection
EndGlobal
